// !$*UTF8*$!
{
	archiveVersion = 1;
	classes = {
	};
	objectVersion = 46;
	objects = {

/* Begin PBXBuildFile section */
		2A4F76D334B0263B8FEA5A36 /* Pods_ConcentrationUITests.framework in Frameworks */ = {isa = PBXBuildFile; fileRef = 8C8271F3BFB5AF325492DFD4 /* Pods_ConcentrationUITests.framework */; };
		3D2671CE1F2BBC45000580C7 /* AppDelegate.swift in Sources */ = {isa = PBXBuildFile; fileRef = 3D2671CD1F2BBC45000580C7 /* AppDelegate.swift */; };
		3D2671D31F2BBC45000580C7 /* Main.storyboard in Resources */ = {isa = PBXBuildFile; fileRef = 3D2671D11F2BBC45000580C7 /* Main.storyboard */; };
		3D2671D51F2BBC45000580C7 /* Assets.xcassets in Resources */ = {isa = PBXBuildFile; fileRef = 3D2671D41F2BBC45000580C7 /* Assets.xcassets */; };
		3D2671D81F2BBC45000580C7 /* LaunchScreen.storyboard in Resources */ = {isa = PBXBuildFile; fileRef = 3D2671D61F2BBC45000580C7 /* LaunchScreen.storyboard */; };
		3D2671EE1F2BBC45000580C7 /* ConcentrationUITests.swift in Sources */ = {isa = PBXBuildFile; fileRef = 3D2671ED1F2BBC45000580C7 /* ConcentrationUITests.swift */; };
		3D2671FF1F2BC252000580C7 /* HomeViewController.swift in Sources */ = {isa = PBXBuildFile; fileRef = 3D2671FE1F2BC252000580C7 /* HomeViewController.swift */; };
		3D2672011F2BC295000580C7 /* GridViewModel.swift in Sources */ = {isa = PBXBuildFile; fileRef = 3D2672001F2BC295000580C7 /* GridViewModel.swift */; };
		3D2672081F2BDB6B000580C7 /* HighScoresViewController.swift in Sources */ = {isa = PBXBuildFile; fileRef = 3D2672071F2BDB6B000580C7 /* HighScoresViewController.swift */; };
		3D58961A1F66CD1800991D00 /* TestScheduler+record.swift in Sources */ = {isa = PBXBuildFile; fileRef = 3D5896191F66CD1800991D00 /* TestScheduler+record.swift */; };
		3D7893201F2CD2E600192FEF /* FiveHundredPx.plist in Resources */ = {isa = PBXBuildFile; fileRef = 3D78931F1F2CD2E600192FEF /* FiveHundredPx.plist */; };
		3D78D2BE1F43478E00DA3F62 /* GameViewController.swift in Sources */ = {isa = PBXBuildFile; fileRef = 3D78D2BD1F43478E00DA3F62 /* GameViewController.swift */; };
		3D8A706C1F67371E002E85CC /* ColumnFlowLayout.swift in Sources */ = {isa = PBXBuildFile; fileRef = 3D8A706B1F67371E002E85CC /* ColumnFlowLayout.swift */; };
		3D8A706E1F677FAB002E85CC /* UIView+Rounded.swift in Sources */ = {isa = PBXBuildFile; fileRef = 3D8A706D1F677FAB002E85CC /* UIView+Rounded.swift */; };
		3D8A70701F67941F002E85CC /* GameResult.swift in Sources */ = {isa = PBXBuildFile; fileRef = 3D8A706F1F67941F002E85CC /* GameResult.swift */; };
		3D8A70721F67DBA4002E85CC /* RxObservablesController.swift in Sources */ = {isa = PBXBuildFile; fileRef = 3D8A70711F67DBA4002E85CC /* RxObservablesController.swift */; };
		3D9477591F449172002D5EF6 /* ConcentrationEngine.swift in Sources */ = {isa = PBXBuildFile; fileRef = 3D9477581F449172002D5EF6 /* ConcentrationEngine.swift */; };
		3D94775D1F44C0F8002D5EF6 /* ApiClientSpec.swift in Sources */ = {isa = PBXBuildFile; fileRef = 3D94775C1F44C0F8002D5EF6 /* ApiClientSpec.swift */; };
		3D9477611F44E859002D5EF6 /* Migrations.swift in Sources */ = {isa = PBXBuildFile; fileRef = 3D9477601F44E859002D5EF6 /* Migrations.swift */; };
		3D9477641F44FBF1002D5EF6 /* sample_search.json in Resources */ = {isa = PBXBuildFile; fileRef = 3D9477631F44FBF1002D5EF6 /* sample_search.json */; };
		3D9477661F4501B9002D5EF6 /* Search.swift in Sources */ = {isa = PBXBuildFile; fileRef = 3D9477651F4501B9002D5EF6 /* Search.swift */; };
		3DEC503A1F3C754D0083FE8F /* ApiClient.swift in Sources */ = {isa = PBXBuildFile; fileRef = 3DEC50391F3C754D0083FE8F /* ApiClient.swift */; };
		3DEC503C1F3C76380083FE8F /* FiveHundredPx.swift in Sources */ = {isa = PBXBuildFile; fileRef = 3DEC503B1F3C76380083FE8F /* FiveHundredPx.swift */; };
		3DEC503E1F3D1E130083FE8F /* Photo.swift in Sources */ = {isa = PBXBuildFile; fileRef = 3DEC503D1F3D1E130083FE8F /* Photo.swift */; };
		3DF1D2D41F421506007A7836 /* ConcentrationEngineSpec.swift in Sources */ = {isa = PBXBuildFile; fileRef = 3DF1D2D31F421506007A7836 /* ConcentrationEngineSpec.swift */; };
		3DFC28861F4707BA00B5D3CC /* PhotoCollectionViewCell.swift in Sources */ = {isa = PBXBuildFile; fileRef = 3DFC28851F4707BA00B5D3CC /* PhotoCollectionViewCell.swift */; };
		3DFC28881F47096300B5D3CC /* logo.png in Resources */ = {isa = PBXBuildFile; fileRef = 3DFC28871F47096300B5D3CC /* logo.png */; };
		4012E27175DD13F6CD49BC86 /* Pods_ConcentrationTests.framework in Frameworks */ = {isa = PBXBuildFile; fileRef = 3C70AF90DDDEFA2D4DFB627D /* Pods_ConcentrationTests.framework */; };
		4F8E3CD4A3E7406666E9590C /* Pods_Concentration.framework in Frameworks */ = {isa = PBXBuildFile; fileRef = BED9CDFC4D5E65B627DEA286 /* Pods_Concentration.framework */; };
/* End PBXBuildFile section */

/* Begin PBXContainerItemProxy section */
		3D2671DF1F2BBC45000580C7 /* PBXContainerItemProxy */ = {
			isa = PBXContainerItemProxy;
			containerPortal = 3D2671C21F2BBC45000580C7 /* Project object */;
			proxyType = 1;
			remoteGlobalIDString = 3D2671C91F2BBC45000580C7;
			remoteInfo = Concentration;
		};
		3D2671EA1F2BBC45000580C7 /* PBXContainerItemProxy */ = {
			isa = PBXContainerItemProxy;
			containerPortal = 3D2671C21F2BBC45000580C7 /* Project object */;
			proxyType = 1;
			remoteGlobalIDString = 3D2671C91F2BBC45000580C7;
			remoteInfo = Concentration;
		};
/* End PBXContainerItemProxy section */

/* Begin PBXFileReference section */
		3C70AF90DDDEFA2D4DFB627D /* Pods_ConcentrationTests.framework */ = {isa = PBXFileReference; explicitFileType = wrapper.framework; includeInIndex = 0; path = Pods_ConcentrationTests.framework; sourceTree = BUILT_PRODUCTS_DIR; };
		3D2671CA1F2BBC45000580C7 /* Concentration.app */ = {isa = PBXFileReference; explicitFileType = wrapper.application; includeInIndex = 0; path = Concentration.app; sourceTree = BUILT_PRODUCTS_DIR; };
		3D2671CD1F2BBC45000580C7 /* AppDelegate.swift */ = {isa = PBXFileReference; lastKnownFileType = sourcecode.swift; path = AppDelegate.swift; sourceTree = "<group>"; };
		3D2671D21F2BBC45000580C7 /* Base */ = {isa = PBXFileReference; lastKnownFileType = file.storyboard; name = Base; path = Base.lproj/Main.storyboard; sourceTree = "<group>"; };
		3D2671D41F2BBC45000580C7 /* Assets.xcassets */ = {isa = PBXFileReference; lastKnownFileType = folder.assetcatalog; path = Assets.xcassets; sourceTree = "<group>"; };
		3D2671D71F2BBC45000580C7 /* Base */ = {isa = PBXFileReference; lastKnownFileType = file.storyboard; name = Base; path = Base.lproj/LaunchScreen.storyboard; sourceTree = "<group>"; };
		3D2671D91F2BBC45000580C7 /* Info.plist */ = {isa = PBXFileReference; lastKnownFileType = text.plist.xml; path = Info.plist; sourceTree = "<group>"; };
		3D2671DE1F2BBC45000580C7 /* ConcentrationTests.xctest */ = {isa = PBXFileReference; explicitFileType = wrapper.cfbundle; includeInIndex = 0; path = ConcentrationTests.xctest; sourceTree = BUILT_PRODUCTS_DIR; };
		3D2671E41F2BBC45000580C7 /* Info.plist */ = {isa = PBXFileReference; lastKnownFileType = text.plist.xml; path = Info.plist; sourceTree = "<group>"; };
		3D2671E91F2BBC45000580C7 /* ConcentrationUITests.xctest */ = {isa = PBXFileReference; explicitFileType = wrapper.cfbundle; includeInIndex = 0; path = ConcentrationUITests.xctest; sourceTree = BUILT_PRODUCTS_DIR; };
		3D2671ED1F2BBC45000580C7 /* ConcentrationUITests.swift */ = {isa = PBXFileReference; lastKnownFileType = sourcecode.swift; path = ConcentrationUITests.swift; sourceTree = "<group>"; };
		3D2671EF1F2BBC45000580C7 /* Info.plist */ = {isa = PBXFileReference; lastKnownFileType = text.plist.xml; path = Info.plist; sourceTree = "<group>"; };
		3D2671FE1F2BC252000580C7 /* HomeViewController.swift */ = {isa = PBXFileReference; fileEncoding = 4; lastKnownFileType = sourcecode.swift; path = HomeViewController.swift; sourceTree = "<group>"; };
		3D2672001F2BC295000580C7 /* GridViewModel.swift */ = {isa = PBXFileReference; fileEncoding = 4; lastKnownFileType = sourcecode.swift; path = GridViewModel.swift; sourceTree = "<group>"; };
		3D2672071F2BDB6B000580C7 /* HighScoresViewController.swift */ = {isa = PBXFileReference; fileEncoding = 4; lastKnownFileType = sourcecode.swift; path = HighScoresViewController.swift; sourceTree = "<group>"; };
		3D5896191F66CD1800991D00 /* TestScheduler+record.swift */ = {isa = PBXFileReference; fileEncoding = 4; lastKnownFileType = sourcecode.swift; path = "TestScheduler+record.swift"; sourceTree = "<group>"; };
		3D78931F1F2CD2E600192FEF /* FiveHundredPx.plist */ = {isa = PBXFileReference; fileEncoding = 4; lastKnownFileType = text.plist.xml; path = FiveHundredPx.plist; sourceTree = "<group>"; };
		3D78D2BD1F43478E00DA3F62 /* GameViewController.swift */ = {isa = PBXFileReference; fileEncoding = 4; lastKnownFileType = sourcecode.swift; path = GameViewController.swift; sourceTree = "<group>"; };
		3D8A706B1F67371E002E85CC /* ColumnFlowLayout.swift */ = {isa = PBXFileReference; fileEncoding = 4; lastKnownFileType = sourcecode.swift; path = ColumnFlowLayout.swift; sourceTree = "<group>"; };
		3D8A706D1F677FAB002E85CC /* UIView+Rounded.swift */ = {isa = PBXFileReference; fileEncoding = 4; lastKnownFileType = sourcecode.swift; path = "UIView+Rounded.swift"; sourceTree = "<group>"; };
		3D8A706F1F67941F002E85CC /* GameResult.swift */ = {isa = PBXFileReference; fileEncoding = 4; lastKnownFileType = sourcecode.swift; path = GameResult.swift; sourceTree = "<group>"; };
		3D8A70711F67DBA4002E85CC /* RxObservablesController.swift */ = {isa = PBXFileReference; fileEncoding = 4; lastKnownFileType = sourcecode.swift; path = RxObservablesController.swift; sourceTree = "<group>"; };
		3D9477581F449172002D5EF6 /* ConcentrationEngine.swift */ = {isa = PBXFileReference; fileEncoding = 4; lastKnownFileType = sourcecode.swift; path = ConcentrationEngine.swift; sourceTree = "<group>"; };
		3D94775C1F44C0F8002D5EF6 /* ApiClientSpec.swift */ = {isa = PBXFileReference; fileEncoding = 4; lastKnownFileType = sourcecode.swift; path = ApiClientSpec.swift; sourceTree = "<group>"; };
		3D9477601F44E859002D5EF6 /* Migrations.swift */ = {isa = PBXFileReference; fileEncoding = 4; lastKnownFileType = sourcecode.swift; path = Migrations.swift; sourceTree = "<group>"; };
		3D9477631F44FBF1002D5EF6 /* sample_search.json */ = {isa = PBXFileReference; fileEncoding = 4; lastKnownFileType = text.json; path = sample_search.json; sourceTree = "<group>"; };
		3D9477651F4501B9002D5EF6 /* Search.swift */ = {isa = PBXFileReference; fileEncoding = 4; lastKnownFileType = sourcecode.swift; path = Search.swift; sourceTree = "<group>"; };
		3DEC50391F3C754D0083FE8F /* ApiClient.swift */ = {isa = PBXFileReference; fileEncoding = 4; lastKnownFileType = sourcecode.swift; path = ApiClient.swift; sourceTree = "<group>"; };
		3DEC503B1F3C76380083FE8F /* FiveHundredPx.swift */ = {isa = PBXFileReference; fileEncoding = 4; lastKnownFileType = sourcecode.swift; path = FiveHundredPx.swift; sourceTree = "<group>"; };
		3DEC503D1F3D1E130083FE8F /* Photo.swift */ = {isa = PBXFileReference; fileEncoding = 4; lastKnownFileType = sourcecode.swift; path = Photo.swift; sourceTree = "<group>"; };
		3DF1D2D31F421506007A7836 /* ConcentrationEngineSpec.swift */ = {isa = PBXFileReference; fileEncoding = 4; lastKnownFileType = sourcecode.swift; path = ConcentrationEngineSpec.swift; sourceTree = "<group>"; };
		3DFC28851F4707BA00B5D3CC /* PhotoCollectionViewCell.swift */ = {isa = PBXFileReference; fileEncoding = 4; lastKnownFileType = sourcecode.swift; path = PhotoCollectionViewCell.swift; sourceTree = "<group>"; };
		3DFC28871F47096300B5D3CC /* logo.png */ = {isa = PBXFileReference; lastKnownFileType = image.png; path = logo.png; sourceTree = "<group>"; };
		5B3E1461770BE87200B8CF2A /* Pods-ConcentrationTests.debug.xcconfig */ = {isa = PBXFileReference; includeInIndex = 1; lastKnownFileType = text.xcconfig; name = "Pods-ConcentrationTests.debug.xcconfig"; path = "Pods/Target Support Files/Pods-ConcentrationTests/Pods-ConcentrationTests.debug.xcconfig"; sourceTree = "<group>"; };
		77CB7927C8EBA746A0617564 /* Pods-Concentration.debug.xcconfig */ = {isa = PBXFileReference; includeInIndex = 1; lastKnownFileType = text.xcconfig; name = "Pods-Concentration.debug.xcconfig"; path = "Pods/Target Support Files/Pods-Concentration/Pods-Concentration.debug.xcconfig"; sourceTree = "<group>"; };
		85026D787F8EDF9E7A09A4B6 /* Pods-ConcentrationTests.release.xcconfig */ = {isa = PBXFileReference; includeInIndex = 1; lastKnownFileType = text.xcconfig; name = "Pods-ConcentrationTests.release.xcconfig"; path = "Pods/Target Support Files/Pods-ConcentrationTests/Pods-ConcentrationTests.release.xcconfig"; sourceTree = "<group>"; };
		8A01D823D1461A09E3B810AE /* Pods-Concentration.release.xcconfig */ = {isa = PBXFileReference; includeInIndex = 1; lastKnownFileType = text.xcconfig; name = "Pods-Concentration.release.xcconfig"; path = "Pods/Target Support Files/Pods-Concentration/Pods-Concentration.release.xcconfig"; sourceTree = "<group>"; };
		8C8271F3BFB5AF325492DFD4 /* Pods_ConcentrationUITests.framework */ = {isa = PBXFileReference; explicitFileType = wrapper.framework; includeInIndex = 0; path = Pods_ConcentrationUITests.framework; sourceTree = BUILT_PRODUCTS_DIR; };
		9FCA30FB9C2574555E9B9E1F /* Pods-ConcentrationUITests.debug.xcconfig */ = {isa = PBXFileReference; includeInIndex = 1; lastKnownFileType = text.xcconfig; name = "Pods-ConcentrationUITests.debug.xcconfig"; path = "Pods/Target Support Files/Pods-ConcentrationUITests/Pods-ConcentrationUITests.debug.xcconfig"; sourceTree = "<group>"; };
		BED9CDFC4D5E65B627DEA286 /* Pods_Concentration.framework */ = {isa = PBXFileReference; explicitFileType = wrapper.framework; includeInIndex = 0; path = Pods_Concentration.framework; sourceTree = BUILT_PRODUCTS_DIR; };
		D0664EA5D6285623027E5ADA /* Pods-ConcentrationUITests.release.xcconfig */ = {isa = PBXFileReference; includeInIndex = 1; lastKnownFileType = text.xcconfig; name = "Pods-ConcentrationUITests.release.xcconfig"; path = "Pods/Target Support Files/Pods-ConcentrationUITests/Pods-ConcentrationUITests.release.xcconfig"; sourceTree = "<group>"; };
/* End PBXFileReference section */

/* Begin PBXFrameworksBuildPhase section */
		3D2671C71F2BBC45000580C7 /* Frameworks */ = {
			isa = PBXFrameworksBuildPhase;
			buildActionMask = 2147483647;
			files = (
				4F8E3CD4A3E7406666E9590C /* Pods_Concentration.framework in Frameworks */,
			);
			runOnlyForDeploymentPostprocessing = 0;
		};
		3D2671DB1F2BBC45000580C7 /* Frameworks */ = {
			isa = PBXFrameworksBuildPhase;
			buildActionMask = 2147483647;
			files = (
				4012E27175DD13F6CD49BC86 /* Pods_ConcentrationTests.framework in Frameworks */,
			);
			runOnlyForDeploymentPostprocessing = 0;
		};
		3D2671E61F2BBC45000580C7 /* Frameworks */ = {
			isa = PBXFrameworksBuildPhase;
			buildActionMask = 2147483647;
			files = (
				2A4F76D334B0263B8FEA5A36 /* Pods_ConcentrationUITests.framework in Frameworks */,
			);
			runOnlyForDeploymentPostprocessing = 0;
		};
/* End PBXFrameworksBuildPhase section */

/* Begin PBXGroup section */
		3D2671C11F2BBC45000580C7 = {
			isa = PBXGroup;
			children = (
				3D9477621F44FBE1002D5EF6 /* Resources */,
				3D2671CC1F2BBC45000580C7 /* Concentration */,
				3D2671E11F2BBC45000580C7 /* ConcentrationTests */,
				3D2671EC1F2BBC45000580C7 /* ConcentrationUITests */,
				3D2671CB1F2BBC45000580C7 /* Products */,
				F0AF1F8EA83051E7A1A5EBEE /* Pods */,
				7468F819719548A8E5975E18 /* Frameworks */,
			);
			sourceTree = "<group>";
		};
		3D2671CB1F2BBC45000580C7 /* Products */ = {
			isa = PBXGroup;
			children = (
				3D2671CA1F2BBC45000580C7 /* Concentration.app */,
				3D2671DE1F2BBC45000580C7 /* ConcentrationTests.xctest */,
				3D2671E91F2BBC45000580C7 /* ConcentrationUITests.xctest */,
			);
			name = Products;
			sourceTree = "<group>";
		};
		3D2671CC1F2BBC45000580C7 /* Concentration */ = {
			isa = PBXGroup;
			children = (
				3D2671CD1F2BBC45000580C7 /* AppDelegate.swift */,
				3D2671D41F2BBC45000580C7 /* Assets.xcassets */,
				3D9477571F44913C002D5EF6 /* Engine */,
				3D78931F1F2CD2E600192FEF /* FiveHundredPx.plist */,
				3D2671D91F2BBC45000580C7 /* Info.plist */,
				3D2671D61F2BBC45000580C7 /* LaunchScreen.storyboard */,
				3D2671D11F2BBC45000580C7 /* Main.storyboard */,
				3D2671FC1F2BC237000580C7 /* Models */,
				3D2671FD1F2BC237000580C7 /* ViewControllers */,
				3D2671FB1F2BC231000580C7 /* ViewModels */,
				3DFC28821F47073900B5D3CC /* Views */,
				3DEC50381F3C754D0083FE8F /* Webservices */,
			);
			path = Concentration;
			sourceTree = "<group>";
		};
		3D2671E11F2BBC45000580C7 /* ConcentrationTests */ = {
			isa = PBXGroup;
			children = (
				3D94775C1F44C0F8002D5EF6 /* ApiClientSpec.swift */,
				3DF1D2D31F421506007A7836 /* ConcentrationEngineSpec.swift */,
				3D2671E41F2BBC45000580C7 /* Info.plist */,
				3D5896191F66CD1800991D00 /* TestScheduler+record.swift */,
			);
			path = ConcentrationTests;
			sourceTree = "<group>";
		};
		3D2671EC1F2BBC45000580C7 /* ConcentrationUITests */ = {
			isa = PBXGroup;
			children = (
				3D2671ED1F2BBC45000580C7 /* ConcentrationUITests.swift */,
				3D2671EF1F2BBC45000580C7 /* Info.plist */,
			);
			path = ConcentrationUITests;
			sourceTree = "<group>";
		};
		3D2671FB1F2BC231000580C7 /* ViewModels */ = {
			isa = PBXGroup;
			children = (
				3D2672001F2BC295000580C7 /* GridViewModel.swift */,
			);
			path = ViewModels;
			sourceTree = "<group>";
		};
		3D2671FC1F2BC237000580C7 /* Models */ = {
			isa = PBXGroup;
			children = (
				3DEC503D1F3D1E130083FE8F /* Photo.swift */,
				3D9477601F44E859002D5EF6 /* Migrations.swift */,
				3D9477651F4501B9002D5EF6 /* Search.swift */,
				3D8A706F1F67941F002E85CC /* GameResult.swift */,
			);
			path = Models;
			sourceTree = "<group>";
		};
		3D2671FD1F2BC237000580C7 /* ViewControllers */ = {
			isa = PBXGroup;
			children = (
				3D78D2BD1F43478E00DA3F62 /* GameViewController.swift */,
				3D2672071F2BDB6B000580C7 /* HighScoresViewController.swift */,
				3D2671FE1F2BC252000580C7 /* HomeViewController.swift */,
				3D8A70711F67DBA4002E85CC /* RxObservablesController.swift */,
			);
			path = ViewControllers;
			sourceTree = "<group>";
		};
		3D9477571F44913C002D5EF6 /* Engine */ = {
			isa = PBXGroup;
			children = (
				3D9477581F449172002D5EF6 /* ConcentrationEngine.swift */,
			);
			path = Engine;
			sourceTree = "<group>";
		};
		3D9477621F44FBE1002D5EF6 /* Resources */ = {
			isa = PBXGroup;
			children = (
				3DFC28871F47096300B5D3CC /* logo.png */,
				3D9477631F44FBF1002D5EF6 /* sample_search.json */,
			);
			path = Resources;
			sourceTree = "<group>";
		};
		3DEC50381F3C754D0083FE8F /* Webservices */ = {
			isa = PBXGroup;
			children = (
				3DEC50391F3C754D0083FE8F /* ApiClient.swift */,
				3DEC503B1F3C76380083FE8F /* FiveHundredPx.swift */,
			);
			path = Webservices;
			sourceTree = "<group>";
		};
		3DFC28821F47073900B5D3CC /* Views */ = {
			isa = PBXGroup;
			children = (
				3D8A706B1F67371E002E85CC /* ColumnFlowLayout.swift */,
				3DFC28851F4707BA00B5D3CC /* PhotoCollectionViewCell.swift */,
				3D8A706D1F677FAB002E85CC /* UIView+Rounded.swift */,
			);
			path = Views;
			sourceTree = "<group>";
		};
		7468F819719548A8E5975E18 /* Frameworks */ = {
			isa = PBXGroup;
			children = (
				BED9CDFC4D5E65B627DEA286 /* Pods_Concentration.framework */,
				3C70AF90DDDEFA2D4DFB627D /* Pods_ConcentrationTests.framework */,
				8C8271F3BFB5AF325492DFD4 /* Pods_ConcentrationUITests.framework */,
			);
			name = Frameworks;
			sourceTree = "<group>";
		};
		F0AF1F8EA83051E7A1A5EBEE /* Pods */ = {
			isa = PBXGroup;
			children = (
				77CB7927C8EBA746A0617564 /* Pods-Concentration.debug.xcconfig */,
				8A01D823D1461A09E3B810AE /* Pods-Concentration.release.xcconfig */,
				5B3E1461770BE87200B8CF2A /* Pods-ConcentrationTests.debug.xcconfig */,
				85026D787F8EDF9E7A09A4B6 /* Pods-ConcentrationTests.release.xcconfig */,
				9FCA30FB9C2574555E9B9E1F /* Pods-ConcentrationUITests.debug.xcconfig */,
				D0664EA5D6285623027E5ADA /* Pods-ConcentrationUITests.release.xcconfig */,
			);
			name = Pods;
			sourceTree = "<group>";
		};
/* End PBXGroup section */

/* Begin PBXNativeTarget section */
		3D2671C91F2BBC45000580C7 /* Concentration */ = {
			isa = PBXNativeTarget;
			buildConfigurationList = 3D2671F21F2BBC45000580C7 /* Build configuration list for PBXNativeTarget "Concentration" */;
			buildPhases = (
				29648D354D0A33C11F563106 /* [CP] Check Pods Manifest.lock */,
				3D2671C61F2BBC45000580C7 /* Sources */,
				3D2671C71F2BBC45000580C7 /* Frameworks */,
				3D2671C81F2BBC45000580C7 /* Resources */,
				027103DDBB36B05D4D85A457 /* [CP] Embed Pods Frameworks */,
				73D8FA07F52810B27CE68322 /* [CP] Copy Pods Resources */,
			);
			buildRules = (
			);
			dependencies = (
			);
			name = Concentration;
			productName = Concentration;
			productReference = 3D2671CA1F2BBC45000580C7 /* Concentration.app */;
			productType = "com.apple.product-type.application";
		};
		3D2671DD1F2BBC45000580C7 /* ConcentrationTests */ = {
			isa = PBXNativeTarget;
			buildConfigurationList = 3D2671F51F2BBC45000580C7 /* Build configuration list for PBXNativeTarget "ConcentrationTests" */;
			buildPhases = (
				B84E5A7EBBF1CAE838DD115A /* [CP] Check Pods Manifest.lock */,
				3D2671DA1F2BBC45000580C7 /* Sources */,
				3D2671DB1F2BBC45000580C7 /* Frameworks */,
				3D2671DC1F2BBC45000580C7 /* Resources */,
				F1C442F4F661268A9A04CB48 /* [CP] Embed Pods Frameworks */,
				0AC4911F8B7D735D5185E442 /* [CP] Copy Pods Resources */,
			);
			buildRules = (
			);
			dependencies = (
				3D2671E01F2BBC45000580C7 /* PBXTargetDependency */,
			);
			name = ConcentrationTests;
			productName = ConcentrationTests;
			productReference = 3D2671DE1F2BBC45000580C7 /* ConcentrationTests.xctest */;
			productType = "com.apple.product-type.bundle.unit-test";
		};
		3D2671E81F2BBC45000580C7 /* ConcentrationUITests */ = {
			isa = PBXNativeTarget;
			buildConfigurationList = 3D2671F81F2BBC45000580C7 /* Build configuration list for PBXNativeTarget "ConcentrationUITests" */;
			buildPhases = (
				21A5CBA04061DBA41B1CECB1 /* [CP] Check Pods Manifest.lock */,
				3D2671E51F2BBC45000580C7 /* Sources */,
				3D2671E61F2BBC45000580C7 /* Frameworks */,
				3D2671E71F2BBC45000580C7 /* Resources */,
				518351880C56574394F80459 /* [CP] Embed Pods Frameworks */,
				CC499EC2631ECC59D84DCA63 /* [CP] Copy Pods Resources */,
			);
			buildRules = (
			);
			dependencies = (
				3D2671EB1F2BBC45000580C7 /* PBXTargetDependency */,
			);
			name = ConcentrationUITests;
			productName = ConcentrationUITests;
			productReference = 3D2671E91F2BBC45000580C7 /* ConcentrationUITests.xctest */;
			productType = "com.apple.product-type.bundle.ui-testing";
		};
/* End PBXNativeTarget section */

/* Begin PBXProject section */
		3D2671C21F2BBC45000580C7 /* Project object */ = {
			isa = PBXProject;
			attributes = {
				LastSwiftUpdateCheck = 0830;
				LastUpgradeCheck = 0830;
				ORGANIZATIONNAME = "Shaun Rowe";
				TargetAttributes = {
					3D2671C91F2BBC45000580C7 = {
						CreatedOnToolsVersion = 8.3.2;
						DevelopmentTeam = 4DJ36VZPM9;
						ProvisioningStyle = Automatic;
					};
					3D2671DD1F2BBC45000580C7 = {
						CreatedOnToolsVersion = 8.3.2;
						ProvisioningStyle = Automatic;
						TestTargetID = 3D2671C91F2BBC45000580C7;
					};
					3D2671E81F2BBC45000580C7 = {
						CreatedOnToolsVersion = 8.3.2;
						ProvisioningStyle = Automatic;
						TestTargetID = 3D2671C91F2BBC45000580C7;
					};
				};
			};
			buildConfigurationList = 3D2671C51F2BBC45000580C7 /* Build configuration list for PBXProject "Concentration" */;
			compatibilityVersion = "Xcode 3.2";
			developmentRegion = English;
			hasScannedForEncodings = 0;
			knownRegions = (
				en,
				Base,
			);
			mainGroup = 3D2671C11F2BBC45000580C7;
			productRefGroup = 3D2671CB1F2BBC45000580C7 /* Products */;
			projectDirPath = "";
			projectRoot = "";
			targets = (
				3D2671C91F2BBC45000580C7 /* Concentration */,
				3D2671DD1F2BBC45000580C7 /* ConcentrationTests */,
				3D2671E81F2BBC45000580C7 /* ConcentrationUITests */,
			);
		};
/* End PBXProject section */

/* Begin PBXResourcesBuildPhase section */
		3D2671C81F2BBC45000580C7 /* Resources */ = {
			isa = PBXResourcesBuildPhase;
			buildActionMask = 2147483647;
			files = (
				3D2671D81F2BBC45000580C7 /* LaunchScreen.storyboard in Resources */,
				3D7893201F2CD2E600192FEF /* FiveHundredPx.plist in Resources */,
				3DFC28881F47096300B5D3CC /* logo.png in Resources */,
				3D9477641F44FBF1002D5EF6 /* sample_search.json in Resources */,
				3D2671D51F2BBC45000580C7 /* Assets.xcassets in Resources */,
				3D2671D31F2BBC45000580C7 /* Main.storyboard in Resources */,
			);
			runOnlyForDeploymentPostprocessing = 0;
		};
		3D2671DC1F2BBC45000580C7 /* Resources */ = {
			isa = PBXResourcesBuildPhase;
			buildActionMask = 2147483647;
			files = (
			);
			runOnlyForDeploymentPostprocessing = 0;
		};
		3D2671E71F2BBC45000580C7 /* Resources */ = {
			isa = PBXResourcesBuildPhase;
			buildActionMask = 2147483647;
			files = (
			);
			runOnlyForDeploymentPostprocessing = 0;
		};
/* End PBXResourcesBuildPhase section */

/* Begin PBXShellScriptBuildPhase section */
		027103DDBB36B05D4D85A457 /* [CP] Embed Pods Frameworks */ = {
			isa = PBXShellScriptBuildPhase;
			buildActionMask = 2147483647;
			files = (
			);
			inputPaths = (
			);
			name = "[CP] Embed Pods Frameworks";
			outputPaths = (
			);
			runOnlyForDeploymentPostprocessing = 0;
			shellPath = /bin/sh;
			shellScript = "\"${SRCROOT}/Pods/Target Support Files/Pods-Concentration/Pods-Concentration-frameworks.sh\"\n";
			showEnvVarsInLog = 0;
		};
		0AC4911F8B7D735D5185E442 /* [CP] Copy Pods Resources */ = {
			isa = PBXShellScriptBuildPhase;
			buildActionMask = 2147483647;
			files = (
			);
			inputPaths = (
			);
			name = "[CP] Copy Pods Resources";
			outputPaths = (
			);
			runOnlyForDeploymentPostprocessing = 0;
			shellPath = /bin/sh;
			shellScript = "\"${SRCROOT}/Pods/Target Support Files/Pods-ConcentrationTests/Pods-ConcentrationTests-resources.sh\"\n";
			showEnvVarsInLog = 0;
		};
		21A5CBA04061DBA41B1CECB1 /* [CP] Check Pods Manifest.lock */ = {
			isa = PBXShellScriptBuildPhase;
			buildActionMask = 2147483647;
			files = (
			);
			inputPaths = (
			);
			name = "[CP] Check Pods Manifest.lock";
			outputPaths = (
			);
			runOnlyForDeploymentPostprocessing = 0;
			shellPath = /bin/sh;
			shellScript = "diff \"${PODS_ROOT}/../Podfile.lock\" \"${PODS_ROOT}/Manifest.lock\" > /dev/null\nif [ $? != 0 ] ; then\n    # print error to STDERR\n    echo \"error: The sandbox is not in sync with the Podfile.lock. Run 'pod install' or update your CocoaPods installation.\" >&2\n    exit 1\nfi\n";
			showEnvVarsInLog = 0;
		};
		29648D354D0A33C11F563106 /* [CP] Check Pods Manifest.lock */ = {
			isa = PBXShellScriptBuildPhase;
			buildActionMask = 2147483647;
			files = (
			);
			inputPaths = (
			);
			name = "[CP] Check Pods Manifest.lock";
			outputPaths = (
			);
			runOnlyForDeploymentPostprocessing = 0;
			shellPath = /bin/sh;
			shellScript = "diff \"${PODS_ROOT}/../Podfile.lock\" \"${PODS_ROOT}/Manifest.lock\" > /dev/null\nif [ $? != 0 ] ; then\n    # print error to STDERR\n    echo \"error: The sandbox is not in sync with the Podfile.lock. Run 'pod install' or update your CocoaPods installation.\" >&2\n    exit 1\nfi\n";
			showEnvVarsInLog = 0;
		};
		518351880C56574394F80459 /* [CP] Embed Pods Frameworks */ = {
			isa = PBXShellScriptBuildPhase;
			buildActionMask = 2147483647;
			files = (
			);
			inputPaths = (
			);
			name = "[CP] Embed Pods Frameworks";
			outputPaths = (
			);
			runOnlyForDeploymentPostprocessing = 0;
			shellPath = /bin/sh;
			shellScript = "\"${SRCROOT}/Pods/Target Support Files/Pods-ConcentrationUITests/Pods-ConcentrationUITests-frameworks.sh\"\n";
			showEnvVarsInLog = 0;
		};
		73D8FA07F52810B27CE68322 /* [CP] Copy Pods Resources */ = {
			isa = PBXShellScriptBuildPhase;
			buildActionMask = 2147483647;
			files = (
			);
			inputPaths = (
			);
			name = "[CP] Copy Pods Resources";
			outputPaths = (
			);
			runOnlyForDeploymentPostprocessing = 0;
			shellPath = /bin/sh;
			shellScript = "\"${SRCROOT}/Pods/Target Support Files/Pods-Concentration/Pods-Concentration-resources.sh\"\n";
			showEnvVarsInLog = 0;
		};
		B84E5A7EBBF1CAE838DD115A /* [CP] Check Pods Manifest.lock */ = {
			isa = PBXShellScriptBuildPhase;
			buildActionMask = 2147483647;
			files = (
			);
			inputPaths = (
			);
			name = "[CP] Check Pods Manifest.lock";
			outputPaths = (
			);
			runOnlyForDeploymentPostprocessing = 0;
			shellPath = /bin/sh;
			shellScript = "diff \"${PODS_ROOT}/../Podfile.lock\" \"${PODS_ROOT}/Manifest.lock\" > /dev/null\nif [ $? != 0 ] ; then\n    # print error to STDERR\n    echo \"error: The sandbox is not in sync with the Podfile.lock. Run 'pod install' or update your CocoaPods installation.\" >&2\n    exit 1\nfi\n";
			showEnvVarsInLog = 0;
		};
		CC499EC2631ECC59D84DCA63 /* [CP] Copy Pods Resources */ = {
			isa = PBXShellScriptBuildPhase;
			buildActionMask = 2147483647;
			files = (
			);
			inputPaths = (
			);
			name = "[CP] Copy Pods Resources";
			outputPaths = (
			);
			runOnlyForDeploymentPostprocessing = 0;
			shellPath = /bin/sh;
			shellScript = "\"${SRCROOT}/Pods/Target Support Files/Pods-ConcentrationUITests/Pods-ConcentrationUITests-resources.sh\"\n";
			showEnvVarsInLog = 0;
		};
		F1C442F4F661268A9A04CB48 /* [CP] Embed Pods Frameworks */ = {
			isa = PBXShellScriptBuildPhase;
			buildActionMask = 2147483647;
			files = (
			);
			inputPaths = (
			);
			name = "[CP] Embed Pods Frameworks";
			outputPaths = (
			);
			runOnlyForDeploymentPostprocessing = 0;
			shellPath = /bin/sh;
			shellScript = "\"${SRCROOT}/Pods/Target Support Files/Pods-ConcentrationTests/Pods-ConcentrationTests-frameworks.sh\"\n";
			showEnvVarsInLog = 0;
		};
/* End PBXShellScriptBuildPhase section */

/* Begin PBXSourcesBuildPhase section */
		3D2671C61F2BBC45000580C7 /* Sources */ = {
			isa = PBXSourcesBuildPhase;
			buildActionMask = 2147483647;
			files = (
				3DEC503A1F3C754D0083FE8F /* ApiClient.swift in Sources */,
				3DEC503C1F3C76380083FE8F /* FiveHundredPx.swift in Sources */,
				3DEC503E1F3D1E130083FE8F /* Photo.swift in Sources */,
				3D8A706C1F67371E002E85CC /* ColumnFlowLayout.swift in Sources */,
				3D78D2BE1F43478E00DA3F62 /* GameViewController.swift in Sources */,
				3D9477591F449172002D5EF6 /* ConcentrationEngine.swift in Sources */,
				3D9477611F44E859002D5EF6 /* Migrations.swift in Sources */,
				3D2672011F2BC295000580C7 /* GridViewModel.swift in Sources */,
				3D2671FF1F2BC252000580C7 /* HomeViewController.swift in Sources */,
				3DFC28861F4707BA00B5D3CC /* PhotoCollectionViewCell.swift in Sources */,
				3D8A70701F67941F002E85CC /* GameResult.swift in Sources */,
				3D2672081F2BDB6B000580C7 /* HighScoresViewController.swift in Sources */,
				3D2671CE1F2BBC45000580C7 /* AppDelegate.swift in Sources */,
				3D8A706E1F677FAB002E85CC /* UIView+Rounded.swift in Sources */,
				3D8A70721F67DBA4002E85CC /* RxObservablesController.swift in Sources */,
				3D9477661F4501B9002D5EF6 /* Search.swift in Sources */,
			);
			runOnlyForDeploymentPostprocessing = 0;
		};
		3D2671DA1F2BBC45000580C7 /* Sources */ = {
			isa = PBXSourcesBuildPhase;
			buildActionMask = 2147483647;
			files = (
				3D58961A1F66CD1800991D00 /* TestScheduler+record.swift in Sources */,
				3D94775D1F44C0F8002D5EF6 /* ApiClientSpec.swift in Sources */,
				3DF1D2D41F421506007A7836 /* ConcentrationEngineSpec.swift in Sources */,
			);
			runOnlyForDeploymentPostprocessing = 0;
		};
		3D2671E51F2BBC45000580C7 /* Sources */ = {
			isa = PBXSourcesBuildPhase;
			buildActionMask = 2147483647;
			files = (
				3D2671EE1F2BBC45000580C7 /* ConcentrationUITests.swift in Sources */,
			);
			runOnlyForDeploymentPostprocessing = 0;
		};
/* End PBXSourcesBuildPhase section */

/* Begin PBXTargetDependency section */
		3D2671E01F2BBC45000580C7 /* PBXTargetDependency */ = {
			isa = PBXTargetDependency;
			target = 3D2671C91F2BBC45000580C7 /* Concentration */;
			targetProxy = 3D2671DF1F2BBC45000580C7 /* PBXContainerItemProxy */;
		};
		3D2671EB1F2BBC45000580C7 /* PBXTargetDependency */ = {
			isa = PBXTargetDependency;
			target = 3D2671C91F2BBC45000580C7 /* Concentration */;
			targetProxy = 3D2671EA1F2BBC45000580C7 /* PBXContainerItemProxy */;
		};
/* End PBXTargetDependency section */

/* Begin PBXVariantGroup section */
		3D2671D11F2BBC45000580C7 /* Main.storyboard */ = {
			isa = PBXVariantGroup;
			children = (
				3D2671D21F2BBC45000580C7 /* Base */,
			);
			name = Main.storyboard;
			sourceTree = "<group>";
		};
		3D2671D61F2BBC45000580C7 /* LaunchScreen.storyboard */ = {
			isa = PBXVariantGroup;
			children = (
				3D2671D71F2BBC45000580C7 /* Base */,
			);
			name = LaunchScreen.storyboard;
			sourceTree = "<group>";
		};
/* End PBXVariantGroup section */

/* Begin XCBuildConfiguration section */
		3D2671F01F2BBC45000580C7 /* Debug */ = {
			isa = XCBuildConfiguration;
			buildSettings = {
				ALWAYS_SEARCH_USER_PATHS = NO;
				CLANG_ANALYZER_NONNULL = YES;
				CLANG_ANALYZER_NUMBER_OBJECT_CONVERSION = YES_AGGRESSIVE;
				CLANG_CXX_LANGUAGE_STANDARD = "gnu++0x";
				CLANG_CXX_LIBRARY = "libc++";
				CLANG_ENABLE_MODULES = YES;
				CLANG_ENABLE_OBJC_ARC = YES;
				CLANG_WARN_BOOL_CONVERSION = YES;
				CLANG_WARN_CONSTANT_CONVERSION = YES;
				CLANG_WARN_DIRECT_OBJC_ISA_USAGE = YES_ERROR;
				CLANG_WARN_DOCUMENTATION_COMMENTS = YES;
				CLANG_WARN_EMPTY_BODY = YES;
				CLANG_WARN_ENUM_CONVERSION = YES;
				CLANG_WARN_INFINITE_RECURSION = YES;
				CLANG_WARN_INT_CONVERSION = YES;
				CLANG_WARN_OBJC_ROOT_CLASS = YES_ERROR;
				CLANG_WARN_SUSPICIOUS_MOVE = YES;
				CLANG_WARN_UNREACHABLE_CODE = YES;
				CLANG_WARN__DUPLICATE_METHOD_MATCH = YES;
				"CODE_SIGN_IDENTITY[sdk=iphoneos*]" = "iPhone Developer";
				COPY_PHASE_STRIP = NO;
				DEBUG_INFORMATION_FORMAT = dwarf;
				ENABLE_STRICT_OBJC_MSGSEND = YES;
				ENABLE_TESTABILITY = YES;
				GCC_C_LANGUAGE_STANDARD = gnu99;
				GCC_DYNAMIC_NO_PIC = NO;
				GCC_NO_COMMON_BLOCKS = YES;
				GCC_OPTIMIZATION_LEVEL = 0;
				GCC_PREPROCESSOR_DEFINITIONS = (
					"DEBUG=1",
					"$(inherited)",
				);
				GCC_WARN_64_TO_32_BIT_CONVERSION = YES;
				GCC_WARN_ABOUT_RETURN_TYPE = YES_ERROR;
				GCC_WARN_UNDECLARED_SELECTOR = YES;
				GCC_WARN_UNINITIALIZED_AUTOS = YES_AGGRESSIVE;
				GCC_WARN_UNUSED_FUNCTION = YES;
				GCC_WARN_UNUSED_VARIABLE = YES;
				IPHONEOS_DEPLOYMENT_TARGET = 10.3;
				MTL_ENABLE_DEBUG_INFO = YES;
				ONLY_ACTIVE_ARCH = YES;
				SDKROOT = iphoneos;
				SWIFT_ACTIVE_COMPILATION_CONDITIONS = DEBUG;
				SWIFT_OPTIMIZATION_LEVEL = "-Onone";
				TARGETED_DEVICE_FAMILY = "1,2";
			};
			name = Debug;
		};
		3D2671F11F2BBC45000580C7 /* Release */ = {
			isa = XCBuildConfiguration;
			buildSettings = {
				ALWAYS_SEARCH_USER_PATHS = NO;
				CLANG_ANALYZER_NONNULL = YES;
				CLANG_ANALYZER_NUMBER_OBJECT_CONVERSION = YES_AGGRESSIVE;
				CLANG_CXX_LANGUAGE_STANDARD = "gnu++0x";
				CLANG_CXX_LIBRARY = "libc++";
				CLANG_ENABLE_MODULES = YES;
				CLANG_ENABLE_OBJC_ARC = YES;
				CLANG_WARN_BOOL_CONVERSION = YES;
				CLANG_WARN_CONSTANT_CONVERSION = YES;
				CLANG_WARN_DIRECT_OBJC_ISA_USAGE = YES_ERROR;
				CLANG_WARN_DOCUMENTATION_COMMENTS = YES;
				CLANG_WARN_EMPTY_BODY = YES;
				CLANG_WARN_ENUM_CONVERSION = YES;
				CLANG_WARN_INFINITE_RECURSION = YES;
				CLANG_WARN_INT_CONVERSION = YES;
				CLANG_WARN_OBJC_ROOT_CLASS = YES_ERROR;
				CLANG_WARN_SUSPICIOUS_MOVE = YES;
				CLANG_WARN_UNREACHABLE_CODE = YES;
				CLANG_WARN__DUPLICATE_METHOD_MATCH = YES;
				"CODE_SIGN_IDENTITY[sdk=iphoneos*]" = "iPhone Developer";
				COPY_PHASE_STRIP = NO;
				DEBUG_INFORMATION_FORMAT = "dwarf-with-dsym";
				ENABLE_NS_ASSERTIONS = NO;
				ENABLE_STRICT_OBJC_MSGSEND = YES;
				GCC_C_LANGUAGE_STANDARD = gnu99;
				GCC_NO_COMMON_BLOCKS = YES;
				GCC_WARN_64_TO_32_BIT_CONVERSION = YES;
				GCC_WARN_ABOUT_RETURN_TYPE = YES_ERROR;
				GCC_WARN_UNDECLARED_SELECTOR = YES;
				GCC_WARN_UNINITIALIZED_AUTOS = YES_AGGRESSIVE;
				GCC_WARN_UNUSED_FUNCTION = YES;
				GCC_WARN_UNUSED_VARIABLE = YES;
				IPHONEOS_DEPLOYMENT_TARGET = 10.3;
				MTL_ENABLE_DEBUG_INFO = NO;
				SDKROOT = iphoneos;
				SWIFT_OPTIMIZATION_LEVEL = "-Owholemodule";
				TARGETED_DEVICE_FAMILY = "1,2";
				VALIDATE_PRODUCT = YES;
			};
			name = Release;
		};
		3D2671F31F2BBC45000580C7 /* Debug */ = {
			isa = XCBuildConfiguration;
			baseConfigurationReference = 77CB7927C8EBA746A0617564 /* Pods-Concentration.debug.xcconfig */;
			buildSettings = {
				ASSETCATALOG_COMPILER_APPICON_NAME = AppIcon;
				DEVELOPMENT_TEAM = 4DJ36VZPM9;
				INFOPLIST_FILE = Concentration/Info.plist;
				LD_RUNPATH_SEARCH_PATHS = "$(inherited) @executable_path/Frameworks";
				PRODUCT_BUNDLE_IDENTIFIER = com.shaunrowe.concentration;
				PRODUCT_NAME = "$(TARGET_NAME)";
				SWIFT_VERSION = 3.0;
			};
			name = Debug;
		};
		3D2671F41F2BBC45000580C7 /* Release */ = {
			isa = XCBuildConfiguration;
			baseConfigurationReference = 8A01D823D1461A09E3B810AE /* Pods-Concentration.release.xcconfig */;
			buildSettings = {
				ASSETCATALOG_COMPILER_APPICON_NAME = AppIcon;
				DEVELOPMENT_TEAM = 4DJ36VZPM9;
				INFOPLIST_FILE = Concentration/Info.plist;
				LD_RUNPATH_SEARCH_PATHS = "$(inherited) @executable_path/Frameworks";
				PRODUCT_BUNDLE_IDENTIFIER = com.shaunrowe.concentration;
				PRODUCT_NAME = "$(TARGET_NAME)";
				SWIFT_VERSION = 3.0;
			};
			name = Release;
		};
		3D2671F61F2BBC45000580C7 /* Debug */ = {
			isa = XCBuildConfiguration;
			baseConfigurationReference = 5B3E1461770BE87200B8CF2A /* Pods-ConcentrationTests.debug.xcconfig */;
			buildSettings = {
				ALWAYS_EMBED_SWIFT_STANDARD_LIBRARIES = YES;
				BUNDLE_LOADER = "$(TEST_HOST)";
				INFOPLIST_FILE = ConcentrationTests/Info.plist;
				LD_RUNPATH_SEARCH_PATHS = "$(inherited) @executable_path/Frameworks @loader_path/Frameworks";
				PRODUCT_BUNDLE_IDENTIFIER = com.shaunrowe.ConcentrationTests;
				PRODUCT_NAME = "$(TARGET_NAME)";
				SWIFT_VERSION = 3.0;
				TEST_HOST = "$(BUILT_PRODUCTS_DIR)/Concentration.app/Concentration";
			};
			name = Debug;
		};
		3D2671F71F2BBC45000580C7 /* Release */ = {
			isa = XCBuildConfiguration;
			baseConfigurationReference = 85026D787F8EDF9E7A09A4B6 /* Pods-ConcentrationTests.release.xcconfig */;
			buildSettings = {
				ALWAYS_EMBED_SWIFT_STANDARD_LIBRARIES = YES;
				BUNDLE_LOADER = "$(TEST_HOST)";
				INFOPLIST_FILE = ConcentrationTests/Info.plist;
				LD_RUNPATH_SEARCH_PATHS = "$(inherited) @executable_path/Frameworks @loader_path/Frameworks";
				PRODUCT_BUNDLE_IDENTIFIER = com.shaunrowe.ConcentrationTests;
				PRODUCT_NAME = "$(TARGET_NAME)";
				SWIFT_VERSION = 3.0;
				TEST_HOST = "$(BUILT_PRODUCTS_DIR)/Concentration.app/Concentration";
			};
			name = Release;
		};
		3D2671F91F2BBC45000580C7 /* Debug */ = {
			isa = XCBuildConfiguration;
			baseConfigurationReference = 9FCA30FB9C2574555E9B9E1F /* Pods-ConcentrationUITests.debug.xcconfig */;
			buildSettings = {
				ALWAYS_EMBED_SWIFT_STANDARD_LIBRARIES = YES;
				INFOPLIST_FILE = ConcentrationUITests/Info.plist;
				LD_RUNPATH_SEARCH_PATHS = "$(inherited) @executable_path/Frameworks @loader_path/Frameworks";
				PRODUCT_BUNDLE_IDENTIFIER = com.shaunrowe.ConcentrationUITests;
				PRODUCT_NAME = "$(TARGET_NAME)";
				SWIFT_VERSION = 3.0;
				TEST_TARGET_NAME = Concentration;
			};
			name = Debug;
		};
		3D2671FA1F2BBC45000580C7 /* Release */ = {
			isa = XCBuildConfiguration;
			baseConfigurationReference = D0664EA5D6285623027E5ADA /* Pods-ConcentrationUITests.release.xcconfig */;
			buildSettings = {
				ALWAYS_EMBED_SWIFT_STANDARD_LIBRARIES = YES;
				INFOPLIST_FILE = ConcentrationUITests/Info.plist;
				LD_RUNPATH_SEARCH_PATHS = "$(inherited) @executable_path/Frameworks @loader_path/Frameworks";
				PRODUCT_BUNDLE_IDENTIFIER = com.shaunrowe.ConcentrationUITests;
				PRODUCT_NAME = "$(TARGET_NAME)";
				SWIFT_VERSION = 3.0;
				TEST_TARGET_NAME = Concentration;
			};
			name = Release;
		};
/* End XCBuildConfiguration section */

/* Begin XCConfigurationList section */
		3D2671C51F2BBC45000580C7 /* Build configuration list for PBXProject "Concentration" */ = {
			isa = XCConfigurationList;
			buildConfigurations = (
				3D2671F01F2BBC45000580C7 /* Debug */,
				3D2671F11F2BBC45000580C7 /* Release */,
			);
			defaultConfigurationIsVisible = 0;
			defaultConfigurationName = Release;
		};
		3D2671F21F2BBC45000580C7 /* Build configuration list for PBXNativeTarget "Concentration" */ = {
			isa = XCConfigurationList;
			buildConfigurations = (
				3D2671F31F2BBC45000580C7 /* Debug */,
				3D2671F41F2BBC45000580C7 /* Release */,
			);
			defaultConfigurationIsVisible = 0;
			defaultConfigurationName = Release;
		};
		3D2671F51F2BBC45000580C7 /* Build configuration list for PBXNativeTarget "ConcentrationTests" */ = {
			isa = XCConfigurationList;
			buildConfigurations = (
				3D2671F61F2BBC45000580C7 /* Debug */,
				3D2671F71F2BBC45000580C7 /* Release */,
			);
			defaultConfigurationIsVisible = 0;
			defaultConfigurationName = Release;
		};
		3D2671F81F2BBC45000580C7 /* Build configuration list for PBXNativeTarget "ConcentrationUITests" */ = {
			isa = XCConfigurationList;
			buildConfigurations = (
				3D2671F91F2BBC45000580C7 /* Debug */,
				3D2671FA1F2BBC45000580C7 /* Release */,
			);
			defaultConfigurationIsVisible = 0;
			defaultConfigurationName = Release;
		};
/* End XCConfigurationList section */
	};
	rootObject = 3D2671C21F2BBC45000580C7 /* Project object */;
}
